
Microsoft Visual Studio Solution File, Format Version 12.00
# Visual Studio 15
VisualStudioVersion = 15.0.27004.2008
MinimumVisualStudioVersion = 10.0.40219.1
Project("{FAE04EC0-301F-11D3-BF4B-00C04F79EFBC}") = "SpotifyApiWrapperTestConsole", "SpotifyApiWrapperTestConsole\SpotifyApiWrapperTestConsole.csproj", "{7EFE2908-C0C2-4452-BC5D-F170AB402528}"
EndProject
Project("{FAE04EC0-301F-11D3-BF4B-00C04F79EFBC}") = "SpotifyApiWrapper", "SpotifyApiWrapper\SpotifyApiWrapper.csproj", "{041F37BB-5129-4F55-B846-3C3AB53173B1}"
EndProject
Global
	GlobalSection(SolutionConfigurationPlatforms) = preSolution
		Debug|Any CPU = Debug|Any CPU
		Release|Any CPU = Release|Any CPU
	EndGlobalSection
	GlobalSection(ProjectConfigurationPlatforms) = postSolution
		{7EFE2908-C0C2-4452-BC5D-F170AB402528}.Debug|Any CPU.ActiveCfg = Debug|Any CPU
		{7EFE2908-C0C2-4452-BC5D-F170AB402528}.Debug|Any CPU.Build.0 = Debug|Any CPU
		{7EFE2908-C0C2-4452-BC5D-F170AB402528}.Release|Any CPU.ActiveCfg = Release|Any CPU
		{7EFE2908-C0C2-4452-BC5D-F170AB402528}.Release|Any CPU.Build.0 = Release|Any CPU
		{041F37BB-5129-4F55-B846-3C3AB53173B1}.Debug|Any CPU.ActiveCfg = Debug|Any CPU
		{041F37BB-5129-4F55-B846-3C3AB53173B1}.Debug|Any CPU.Build.0 = Debug|Any CPU
		{041F37BB-5129-4F55-B846-3C3AB53173B1}.Release|Any CPU.ActiveCfg = Release|Any CPU
		{041F37BB-5129-4F55-B846-3C3AB53173B1}.Release|Any CPU.Build.0 = Release|Any CPU
	EndGlobalSection
	GlobalSection(SolutionProperties) = preSolution
		HideSolutionNode = FALSE
	EndGlobalSection
	GlobalSection(ExtensibilityGlobals) = postSolution
		SolutionGuid = {E6D29DD6-9412-47A8-A07A-1A717B4038F3}
	EndGlobalSection
EndGlobal
